
Microsoft Visual Studio Solution File, Format Version 12.00
# Visual Studio Version 16
VisualStudioVersion = 16.0.29230.47
MinimumVisualStudioVersion = 10.0.40219.1
Project("{FAE04EC0-301F-11D3-BF4B-00C04F79EFBC}") = "Words2PhNumber", "Words2PhNumber\Words2PhNumber.csproj", "{8C321AED-CEFD-4A0E-9EB3-2081B08CF2C2}"
EndProject
Global
	GlobalSection(SolutionConfigurationPlatforms) = preSolution
		Debug|Any CPU = Debug|Any CPU
		Release|Any CPU = Release|Any CPU
	EndGlobalSection
	GlobalSection(ProjectConfigurationPlatforms) = postSolution
		{8C321AED-CEFD-4A0E-9EB3-2081B08CF2C2}.Debug|Any CPU.ActiveCfg = Debug|Any CPU
		{8C321AED-CEFD-4A0E-9EB3-2081B08CF2C2}.Debug|Any CPU.Build.0 = Debug|Any CPU
		{8C321AED-CEFD-4A0E-9EB3-2081B08CF2C2}.Release|Any CPU.ActiveCfg = Release|Any CPU
		{8C321AED-CEFD-4A0E-9EB3-2081B08CF2C2}.Release|Any CPU.Build.0 = Release|Any CPU
	EndGlobalSection
	GlobalSection(SolutionProperties) = preSolution
		HideSolutionNode = FALSE
	EndGlobalSection
	GlobalSection(ExtensibilityGlobals) = postSolution
		SolutionGuid = {3E914A31-DD6E-4150-82EE-87B8331E22BB}
	EndGlobalSection
EndGlobal
